
Microsoft Visual Studio Solution File, Format Version 12.00
# Visual Studio Version 17
VisualStudioVersion = 17.11.35327.3
MinimumVisualStudioVersion = 10.0.40219.1
Project("{9A19103F-16F7-4668-BE54-9A1E7A4F7556}") = "Calendrie", "src\Calendrie\Calendrie.csproj", "{7BC0D3C0-93B0-4458-AFCC-874C6C54E0F1}"
EndProject
Project("{2150E333-8FDC-42A3-9474-1A3956D46DE8}") = "src", "src", "{47C8A5F0-0FB3-4BAB-9179-A72D0E74D371}"
	ProjectSection(SolutionItems) = preProject
		src\Packable.targets = src\Packable.targets
	EndProjectSection
EndProject
Project("{2150E333-8FDC-42A3-9474-1A3956D46DE8}") = "Solution Items", "Solution Items", "{84246E77-9B04-4280-B84B-32C8772009ED}"
	ProjectSection(SolutionItems) = preProject
		.editorconfig = .editorconfig
		.gitignore = .gitignore
		Directory.Build.props = Directory.Build.props
		Directory.Build.targets = Directory.Build.targets
		Directory.Packages.props = Directory.Packages.props
		global.json = global.json
		LICENSE = LICENSE
	EndProjectSection
EndProject
Project("{2150E333-8FDC-42A3-9474-1A3956D46DE8}") = "CodeTemplates", "CodeTemplates", "{E7581A9C-D825-468D-92D8-5E120FA815EA}"
	ProjectSection(SolutionItems) = preProject
		src\CodeTemplates\Calendar.EmitAdjuster.tt = src\CodeTemplates\Calendar.EmitAdjuster.tt
		src\CodeTemplates\Calendar.EmitClock.tt = src\CodeTemplates\Calendar.EmitClock.tt
		src\CodeTemplates\Calendar.EmitDate.tt = src\CodeTemplates\Calendar.EmitDate.tt
		src\CodeTemplates\Calendar.tt = src\CodeTemplates\Calendar.tt
		src\CodeTemplates\GCalendar.tt = src\CodeTemplates\GCalendar.tt
	EndProjectSection
EndProject
Project("{2150E333-8FDC-42A3-9474-1A3956D46DE8}") = "test", "test", "{CA7F8640-CFEA-4F44-9121-671A8CF57413}"
EndProject
Project("{6EC3EE1D-3C4E-46DD-8F32-0CC8E7565705}") = "Calendrie.Tests", "test\Calendrie.Tests\Calendrie.Tests.fsproj", "{B09CCEBE-D16A-4155-94A3-BE04D627E234}"
EndProject
Project("{2150E333-8FDC-42A3-9474-1A3956D46DE8}") = "eng", "eng", "{7ED71EAD-F19A-4BC3-96E6-7D7644DF8CA5}"
	ProjectSection(SolutionItems) = preProject
		eng\asm.ps1 = eng\asm.ps1
		eng\bench.ps1 = eng\bench.ps1
		eng\common.ps1 = eng\common.ps1
		eng\cover.ps1 = eng\cover.ps1
		eng\freeze-api.ps1 = eng\freeze-api.ps1
		eng\pack.ps1 = eng\pack.ps1
		eng\reset.ps1 = eng\reset.ps1
		eng\test.ps1 = eng\test.ps1
	EndProjectSection
EndProject
Project("{FAE04EC0-301F-11D3-BF4B-00C04F79EFBC}") = "Calendrie.Testing", "src\Calendrie.Testing\Calendrie.Testing.csproj", "{8023DF32-D7D9-4247-94E6-EDEA26F0B6AE}"
EndProject
Project("{2150E333-8FDC-42A3-9474-1A3956D46DE8}") = ".config", ".config", "{15555E95-5E58-41F5-8F84-EB5E7D66C8F6}"
	ProjectSection(SolutionItems) = preProject
		.config\dotnet-tools.json = .config\dotnet-tools.json
	EndProjectSection
EndProject
Global
	GlobalSection(SolutionConfigurationPlatforms) = preSolution
		Debug|Any CPU = Debug|Any CPU
		Release|Any CPU = Release|Any CPU
	EndGlobalSection
	GlobalSection(ProjectConfigurationPlatforms) = postSolution
		{7BC0D3C0-93B0-4458-AFCC-874C6C54E0F1}.Debug|Any CPU.ActiveCfg = Debug|Any CPU
		{7BC0D3C0-93B0-4458-AFCC-874C6C54E0F1}.Debug|Any CPU.Build.0 = Debug|Any CPU
		{7BC0D3C0-93B0-4458-AFCC-874C6C54E0F1}.Release|Any CPU.ActiveCfg = Release|Any CPU
		{7BC0D3C0-93B0-4458-AFCC-874C6C54E0F1}.Release|Any CPU.Build.0 = Release|Any CPU
		{B09CCEBE-D16A-4155-94A3-BE04D627E234}.Debug|Any CPU.ActiveCfg = Debug|Any CPU
		{B09CCEBE-D16A-4155-94A3-BE04D627E234}.Debug|Any CPU.Build.0 = Debug|Any CPU
		{B09CCEBE-D16A-4155-94A3-BE04D627E234}.Release|Any CPU.ActiveCfg = Release|Any CPU
		{B09CCEBE-D16A-4155-94A3-BE04D627E234}.Release|Any CPU.Build.0 = Release|Any CPU
		{8023DF32-D7D9-4247-94E6-EDEA26F0B6AE}.Debug|Any CPU.ActiveCfg = Debug|Any CPU
		{8023DF32-D7D9-4247-94E6-EDEA26F0B6AE}.Debug|Any CPU.Build.0 = Debug|Any CPU
		{8023DF32-D7D9-4247-94E6-EDEA26F0B6AE}.Release|Any CPU.ActiveCfg = Release|Any CPU
		{8023DF32-D7D9-4247-94E6-EDEA26F0B6AE}.Release|Any CPU.Build.0 = Release|Any CPU
	EndGlobalSection
	GlobalSection(SolutionProperties) = preSolution
		HideSolutionNode = FALSE
	EndGlobalSection
	GlobalSection(NestedProjects) = preSolution
		{7BC0D3C0-93B0-4458-AFCC-874C6C54E0F1} = {47C8A5F0-0FB3-4BAB-9179-A72D0E74D371}
		{E7581A9C-D825-468D-92D8-5E120FA815EA} = {47C8A5F0-0FB3-4BAB-9179-A72D0E74D371}
		{B09CCEBE-D16A-4155-94A3-BE04D627E234} = {CA7F8640-CFEA-4F44-9121-671A8CF57413}
		{7ED71EAD-F19A-4BC3-96E6-7D7644DF8CA5} = {84246E77-9B04-4280-B84B-32C8772009ED}
		{8023DF32-D7D9-4247-94E6-EDEA26F0B6AE} = {47C8A5F0-0FB3-4BAB-9179-A72D0E74D371}
		{15555E95-5E58-41F5-8F84-EB5E7D66C8F6} = {84246E77-9B04-4280-B84B-32C8772009ED}
	EndGlobalSection
	GlobalSection(ExtensibilityGlobals) = postSolution
		SolutionGuid = {ED8B0D74-DB69-46D4-AADE-91101FF165C2}
	EndGlobalSection
EndGlobal
